{
  "version": "v0.1",
  "locked_at": "2026-05-09T15:49:44Z",
  "files": {
    "recall.py": "256ce2d4d569d920d39974d904c183c8a3c108e32896c1455b51a21d29b1d89e",
    "merkle_chain.py": "a1e09816d133389e5fb9d2fa08978ef9bc5507bdefb9cfe4fd9af5bf1b4a9e11",
    "anchors.json": "bfd5cbdae0cb35db50ea338443141b2058405e35b24ea0de291010d1cce2fb2a",
    "selftest.py": "681929262d24a610c52fa4f164f60c33a5046ece261a319c48ab8be88ef281ee"
  }
}